
Microsoft Visual Studio Solution File, Format Version 12.00
# Visual Studio 15
VisualStudioVersion = 15.0.27130.2036
MinimumVisualStudioVersion = 10.0.40219.1
Project("{FAE04EC0-301F-11D3-BF4B-00C04F79EFBC}") = "CompMath3", "CompMath3\CompMath3.csproj", "{7EA70D58-E44F-40C4-B349-D2A34E1C5876}"
EndProject
Global
	GlobalSection(SolutionConfigurationPlatforms) = preSolution
		Debug|Any CPU = Debug|Any CPU
		Release|Any CPU = Release|Any CPU
	EndGlobalSection
	GlobalSection(ProjectConfigurationPlatforms) = postSolution
		{7EA70D58-E44F-40C4-B349-D2A34E1C5876}.Debug|Any CPU.ActiveCfg = Debug|Any CPU
		{7EA70D58-E44F-40C4-B349-D2A34E1C5876}.Debug|Any CPU.Build.0 = Debug|Any CPU
		{7EA70D58-E44F-40C4-B349-D2A34E1C5876}.Release|Any CPU.ActiveCfg = Release|Any CPU
		{7EA70D58-E44F-40C4-B349-D2A34E1C5876}.Release|Any CPU.Build.0 = Release|Any CPU
	EndGlobalSection
	GlobalSection(SolutionProperties) = preSolution
		HideSolutionNode = FALSE
	EndGlobalSection
	GlobalSection(ExtensibilityGlobals) = postSolution
		SolutionGuid = {E57804FA-30F9-4CA8-BEC5-077E8CA06121}
	EndGlobalSection
EndGlobal
